
Microsoft Visual Studio Solution File, Format Version 12.00
# Visual Studio Version 16
VisualStudioVersion = 16.0.30717.126
MinimumVisualStudioVersion = 10.0.40219.1
Project("{FAE04EC0-301F-11D3-BF4B-00C04F79EFBC}") = "ClientReservasi-110", "ClientReservasi-110\ClientReservasi-110.csproj", "{196CF824-95B7-43E6-ACE8-6B2E8A9A0AAB}"
EndProject
Global
	GlobalSection(SolutionConfigurationPlatforms) = preSolution
		Debug|Any CPU = Debug|Any CPU
		Release|Any CPU = Release|Any CPU
	EndGlobalSection
	GlobalSection(ProjectConfigurationPlatforms) = postSolution
		{196CF824-95B7-43E6-ACE8-6B2E8A9A0AAB}.Debug|Any CPU.ActiveCfg = Debug|Any CPU
		{196CF824-95B7-43E6-ACE8-6B2E8A9A0AAB}.Debug|Any CPU.Build.0 = Debug|Any CPU
		{196CF824-95B7-43E6-ACE8-6B2E8A9A0AAB}.Release|Any CPU.ActiveCfg = Release|Any CPU
		{196CF824-95B7-43E6-ACE8-6B2E8A9A0AAB}.Release|Any CPU.Build.0 = Release|Any CPU
	EndGlobalSection
	GlobalSection(SolutionProperties) = preSolution
		HideSolutionNode = FALSE
	EndGlobalSection
	GlobalSection(ExtensibilityGlobals) = postSolution
		SolutionGuid = {EDEB0AAC-3CDB-44A6-A752-9B6058D128ED}
	EndGlobalSection
EndGlobal
